
Microsoft Visual Studio Solution File, Format Version 12.00
# Visual Studio Version 17
VisualStudioVersion = 17.3.32811.315
MinimumVisualStudioVersion = 10.0.40219.1
Project("{FAE04EC0-301F-11D3-BF4B-00C04F79EFBC}") = "WinPeOperator", "WinPeOperator\WinPeOperator.csproj", "{08D93E06-8981-433A-9410-9D61E39DF445}"
EndProject
Global
	GlobalSection(SolutionConfigurationPlatforms) = preSolution
		Debug|Any CPU = Debug|Any CPU
		Release|Any CPU = Release|Any CPU
	EndGlobalSection
	GlobalSection(ProjectConfigurationPlatforms) = postSolution
		{08D93E06-8981-433A-9410-9D61E39DF445}.Debug|Any CPU.ActiveCfg = Debug|Any CPU
		{08D93E06-8981-433A-9410-9D61E39DF445}.Debug|Any CPU.Build.0 = Debug|Any CPU
		{08D93E06-8981-433A-9410-9D61E39DF445}.Release|Any CPU.ActiveCfg = Release|Any CPU
		{08D93E06-8981-433A-9410-9D61E39DF445}.Release|Any CPU.Build.0 = Release|Any CPU
	EndGlobalSection
	GlobalSection(SolutionProperties) = preSolution
		HideSolutionNode = FALSE
	EndGlobalSection
	GlobalSection(ExtensibilityGlobals) = postSolution
		SolutionGuid = {04D40F68-09BA-4E67-B18E-0A645F35A431}
	EndGlobalSection
EndGlobal
